
Microsoft Visual Studio Solution File, Format Version 12.00
# Visual Studio Version 17
VisualStudioVersion = 17.13.35818.85
MinimumVisualStudioVersion = 10.0.40219.1
Project("{FAE04EC0-301F-11D3-BF4B-00C04F79EFBC}") = "ExpenseTracker", "ExpanseTracker\ExpenseTracker.csproj", "{01590F4D-A181-464F-93A8-3458CA59BB98}"
EndProject
Global
	GlobalSection(SolutionConfigurationPlatforms) = preSolution
		Debug|Any CPU = Debug|Any CPU
		Release|Any CPU = Release|Any CPU
	EndGlobalSection
	GlobalSection(ProjectConfigurationPlatforms) = postSolution
		{01590F4D-A181-464F-93A8-3458CA59BB98}.Debug|Any CPU.ActiveCfg = Debug|Any CPU
		{01590F4D-A181-464F-93A8-3458CA59BB98}.Debug|Any CPU.Build.0 = Debug|Any CPU
		{01590F4D-A181-464F-93A8-3458CA59BB98}.Release|Any CPU.ActiveCfg = Release|Any CPU
		{01590F4D-A181-464F-93A8-3458CA59BB98}.Release|Any CPU.Build.0 = Release|Any CPU
	EndGlobalSection
	GlobalSection(SolutionProperties) = preSolution
		HideSolutionNode = FALSE
	EndGlobalSection
	GlobalSection(ExtensibilityGlobals) = postSolution
		SolutionGuid = {7C0CC13B-8D34-4FDF-9717-4C28F8AF6CB6}
	EndGlobalSection
EndGlobal
